
Microsoft Visual Studio Solution File, Format Version 12.00
Project("{FAE04EC0-301F-11D3-BF4B-00C04F79EFBC}") = "CRNG", "CRNG\CRNG.csproj", "{E868DA30-73AE-419B-A91A-6005E653A5E7}"
EndProject
Project("{FAE04EC0-301F-11D3-BF4B-00C04F79EFBC}") = "symmetricCipher", "symmetricCipher\symmetricCipher.csproj", "{C27A9917-8030-4BFE-9374-4CCB02BE7DFA}"
EndProject
Project("{FAE04EC0-301F-11D3-BF4B-00C04F79EFBC}") = "Hashing", "Hashing\Hashing.csproj", "{3929D3D9-0152-403A-A2B3-EDDA8AC743F9}"
EndProject
Project("{FAE04EC0-301F-11D3-BF4B-00C04F79EFBC}") = "HMACSHA256", "HMACSHA256\HMACSHA256.csproj", "{196854ED-2958-4B2A-96B6-F14E816A574A}"
EndProject
Project("{FAE04EC0-301F-11D3-BF4B-00C04F79EFBC}") = "ECDH", "ECDH\ECDH.csproj", "{2C3EB1D3-B731-4AB3-AA32-B3AB05816E4E}"
EndProject
Project("{FAE04EC0-301F-11D3-BF4B-00C04F79EFBC}") = "Ed25519", "Ed25519\Ed25519.csproj", "{485C6DB9-915A-4730-A174-E5261C650283}"
EndProject
Project("{FAE04EC0-301F-11D3-BF4B-00C04F79EFBC}") = "RSA", "RSA\RSA.csproj", "{48FD6FFE-8F95-4791-B660-80629C47AFC6}"
EndProject
Project("{FAE04EC0-301F-11D3-BF4B-00C04F79EFBC}") = "PBKDF2HMACSHA512", "PBKDF2HMACSHA512\PBKDF2HMACSHA512.csproj", "{F82338F8-C0B2-44CD-AB11-903E4A675E05}"
EndProject
Project("{FAE04EC0-301F-11D3-BF4B-00C04F79EFBC}") = "AssignmentDel2", "AssignmentDel2\AssignmentDel2.csproj", "{AFC3A3B7-3A5D-48F0-AD97-8A360D32A6E9}"
EndProject
Global
	GlobalSection(SolutionConfigurationPlatforms) = preSolution
		Debug|Any CPU = Debug|Any CPU
		Release|Any CPU = Release|Any CPU
	EndGlobalSection
	GlobalSection(ProjectConfigurationPlatforms) = postSolution
		{E868DA30-73AE-419B-A91A-6005E653A5E7}.Debug|Any CPU.ActiveCfg = Debug|Any CPU
		{E868DA30-73AE-419B-A91A-6005E653A5E7}.Debug|Any CPU.Build.0 = Debug|Any CPU
		{E868DA30-73AE-419B-A91A-6005E653A5E7}.Release|Any CPU.ActiveCfg = Release|Any CPU
		{E868DA30-73AE-419B-A91A-6005E653A5E7}.Release|Any CPU.Build.0 = Release|Any CPU
		{C27A9917-8030-4BFE-9374-4CCB02BE7DFA}.Debug|Any CPU.ActiveCfg = Debug|Any CPU
		{C27A9917-8030-4BFE-9374-4CCB02BE7DFA}.Debug|Any CPU.Build.0 = Debug|Any CPU
		{C27A9917-8030-4BFE-9374-4CCB02BE7DFA}.Release|Any CPU.ActiveCfg = Release|Any CPU
		{C27A9917-8030-4BFE-9374-4CCB02BE7DFA}.Release|Any CPU.Build.0 = Release|Any CPU
		{3929D3D9-0152-403A-A2B3-EDDA8AC743F9}.Debug|Any CPU.ActiveCfg = Debug|Any CPU
		{3929D3D9-0152-403A-A2B3-EDDA8AC743F9}.Debug|Any CPU.Build.0 = Debug|Any CPU
		{3929D3D9-0152-403A-A2B3-EDDA8AC743F9}.Release|Any CPU.ActiveCfg = Release|Any CPU
		{3929D3D9-0152-403A-A2B3-EDDA8AC743F9}.Release|Any CPU.Build.0 = Release|Any CPU
		{196854ED-2958-4B2A-96B6-F14E816A574A}.Debug|Any CPU.ActiveCfg = Debug|Any CPU
		{196854ED-2958-4B2A-96B6-F14E816A574A}.Debug|Any CPU.Build.0 = Debug|Any CPU
		{196854ED-2958-4B2A-96B6-F14E816A574A}.Release|Any CPU.ActiveCfg = Release|Any CPU
		{196854ED-2958-4B2A-96B6-F14E816A574A}.Release|Any CPU.Build.0 = Release|Any CPU
		{2C3EB1D3-B731-4AB3-AA32-B3AB05816E4E}.Debug|Any CPU.ActiveCfg = Debug|Any CPU
		{2C3EB1D3-B731-4AB3-AA32-B3AB05816E4E}.Debug|Any CPU.Build.0 = Debug|Any CPU
		{2C3EB1D3-B731-4AB3-AA32-B3AB05816E4E}.Release|Any CPU.ActiveCfg = Release|Any CPU
		{2C3EB1D3-B731-4AB3-AA32-B3AB05816E4E}.Release|Any CPU.Build.0 = Release|Any CPU
		{485C6DB9-915A-4730-A174-E5261C650283}.Debug|Any CPU.ActiveCfg = Debug|Any CPU
		{485C6DB9-915A-4730-A174-E5261C650283}.Debug|Any CPU.Build.0 = Debug|Any CPU
		{485C6DB9-915A-4730-A174-E5261C650283}.Release|Any CPU.ActiveCfg = Release|Any CPU
		{485C6DB9-915A-4730-A174-E5261C650283}.Release|Any CPU.Build.0 = Release|Any CPU
		{48FD6FFE-8F95-4791-B660-80629C47AFC6}.Debug|Any CPU.ActiveCfg = Debug|Any CPU
		{48FD6FFE-8F95-4791-B660-80629C47AFC6}.Debug|Any CPU.Build.0 = Debug|Any CPU
		{48FD6FFE-8F95-4791-B660-80629C47AFC6}.Release|Any CPU.ActiveCfg = Release|Any CPU
		{48FD6FFE-8F95-4791-B660-80629C47AFC6}.Release|Any CPU.Build.0 = Release|Any CPU
		{F82338F8-C0B2-44CD-AB11-903E4A675E05}.Debug|Any CPU.ActiveCfg = Debug|Any CPU
		{F82338F8-C0B2-44CD-AB11-903E4A675E05}.Debug|Any CPU.Build.0 = Debug|Any CPU
		{F82338F8-C0B2-44CD-AB11-903E4A675E05}.Release|Any CPU.ActiveCfg = Release|Any CPU
		{F82338F8-C0B2-44CD-AB11-903E4A675E05}.Release|Any CPU.Build.0 = Release|Any CPU
		{AFC3A3B7-3A5D-48F0-AD97-8A360D32A6E9}.Debug|Any CPU.ActiveCfg = Debug|Any CPU
		{AFC3A3B7-3A5D-48F0-AD97-8A360D32A6E9}.Debug|Any CPU.Build.0 = Debug|Any CPU
		{AFC3A3B7-3A5D-48F0-AD97-8A360D32A6E9}.Release|Any CPU.ActiveCfg = Release|Any CPU
		{AFC3A3B7-3A5D-48F0-AD97-8A360D32A6E9}.Release|Any CPU.Build.0 = Release|Any CPU
	EndGlobalSection
EndGlobal
